
Microsoft Visual Studio Solution File, Format Version 12.00
# Visual Studio 2013
VisualStudioVersion = 12.0.21005.1
MinimumVisualStudioVersion = 10.0.40219.1
Project("{8BC9CEB8-8B4A-11D0-8D11-00A0C91BC942}") = "Practica2", "Practica2\Practica2.vcxproj", "{722AC2D5-474B-4C25-B58D-F6E3B5FA92EB}"
EndProject
Project("{8BC9CEB8-8B4A-11D0-8D11-00A0C91BC942}") = "UnitTest1", "UnitTest1\UnitTest1.vcxproj", "{1CAE5515-DC64-480E-8FB1-12B00ABC8564}"
EndProject
Global
	GlobalSection(SolutionConfigurationPlatforms) = preSolution
		Debug|Win32 = Debug|Win32
		Release|Win32 = Release|Win32
	EndGlobalSection
	GlobalSection(ProjectConfigurationPlatforms) = postSolution
		{722AC2D5-474B-4C25-B58D-F6E3B5FA92EB}.Debug|Win32.ActiveCfg = Debug|Win32
		{722AC2D5-474B-4C25-B58D-F6E3B5FA92EB}.Debug|Win32.Build.0 = Debug|Win32
		{722AC2D5-474B-4C25-B58D-F6E3B5FA92EB}.Release|Win32.ActiveCfg = Release|Win32
		{722AC2D5-474B-4C25-B58D-F6E3B5FA92EB}.Release|Win32.Build.0 = Release|Win32
		{1CAE5515-DC64-480E-8FB1-12B00ABC8564}.Debug|Win32.ActiveCfg = Debug|Win32
		{1CAE5515-DC64-480E-8FB1-12B00ABC8564}.Debug|Win32.Build.0 = Debug|Win32
		{1CAE5515-DC64-480E-8FB1-12B00ABC8564}.Release|Win32.ActiveCfg = Release|Win32
		{1CAE5515-DC64-480E-8FB1-12B00ABC8564}.Release|Win32.Build.0 = Release|Win32
	EndGlobalSection
	GlobalSection(SolutionProperties) = preSolution
		HideSolutionNode = FALSE
	EndGlobalSection
EndGlobal
